<?xml version="1.0" encoding="utf-8"?>
<Project ToolsVersion="4.0" xmlns="http://schemas.microsoft.com/developer/msbuild/2003">
  <ItemGroup>
    <Filter Include="Pliki nagłówkowe">
      <UniqueIdentifier>{93995380-89BD-4b04-88EB-625FBE52EBFB}</UniqueIdentifier>
      <Extensions>h;hh;hpp;hxx;h++;hm;inl;inc;ipp;xsd</Extensions>
    </Filter>
    <Filter Include="Pliki zasobów">
      <UniqueIdentifier>{67DA6AB6-F800-4c08-8B7A-83BB121AAD01}</UniqueIdentifier>
      <Extensions>rc;ico;cur;bmp;dlg;rc2;rct;bin;rgs;gif;jpg;jpeg;jpe;resx;tiff;tif;png;wav;mfcribbon-ms</Extensions>
    </Filter>
  </ItemGroup>
  <ItemGroup>
    <ClCompile Include="..\main.cpp">
      <Filter>Pliki zasobów</Filter>
    </ClCompile>
    <ClCompile Include="..\test.cpp">
      <Filter>Pliki zasobów</Filter>
    </ClCompile>
    <ClCompile Include="..\src\circle.cpp">
      <Filter>Pliki nagłówkowe</Filter>
    </ClCompile>
    <ClCompile Include="..\src\ellipse.cpp">
      <Filter>Pliki nagłówkowe</Filter>
    </ClCompile>
    <ClCompile Include="..\src\geometricFigure.cpp">
      <Filter>Pliki nagłówkowe</Filter>
    </ClCompile>
    <ClCompile Include="..\src\line.cpp">
      <Filter>Pliki nagłówkowe</Filter>
    </ClCompile>
    <ClCompile Include="..\src\Rectangle.cpp">
      <Filter>Pliki nagłówkowe</Filter>
    </ClCompile>
    <ClCompile Include="..\src\rhombus.cpp">
      <Filter>Pliki nagłówkowe</Filter>
    </ClCompile>
    <ClCompile Include="..\src\square.cpp">
      <Filter>Pliki nagłówkowe</Filter>
    </ClCompile>
    <ClCompile Include="..\src\trapezoid.cpp">
      <Filter>Pliki nagłówkowe</Filter>
    </ClCompile>
    <ClCompile Include="..\src\triangle.cpp">
      <Filter>Pliki nagłówkowe</Filter>
    </ClCompile>
    <ClCompile Include="..\src\vertex.cpp">
      <Filter>Pliki nagłówkowe</Filter>
    </ClCompile>
  </ItemGroup>
  <ItemGroup>
    <ClInclude Include="..\src\geometry.h">
      <Filter>Pliki nagłówkowe</Filter>
    </ClInclude>
  </ItemGroup>
</Project>